{
  "name": "ventaris-tablet",
  "version": "0.1.0",
  "lockfileVersion": 1,
  "requires": true,
  "dependencies": {
    "gw2-data": {
      "version": "git+https://github.com/hobinjk/gw2-data.git#6a37e2e36e84d87b7de57d89c8cb46771eeaed0b",
      "from": "git+https://github.com/hobinjk/gw2-data.git"
    }
  }
}
